
Microsoft Visual Studio Solution File, Format Version 12.00
# Visual Studio Version 17
VisualStudioVersion = 17.14.36310.24 d17.14
MinimumVisualStudioVersion = 10.0.40219.1
Project("{FAE04EC0-301F-11D3-BF4B-00C04F79EFBC}") = "Activity 15 Lucky Draw Simulation", "Activity 15 Lucky Draw Simulation.csproj", "{1D06A521-B44C-42F2-8F94-90C1E64A15CD}"
EndProject
Global
	GlobalSection(SolutionConfigurationPlatforms) = preSolution
		Debug|Any CPU = Debug|Any CPU
		Release|Any CPU = Release|Any CPU
	EndGlobalSection
	GlobalSection(ProjectConfigurationPlatforms) = postSolution
		{1D06A521-B44C-42F2-8F94-90C1E64A15CD}.Debug|Any CPU.ActiveCfg = Debug|Any CPU
		{1D06A521-B44C-42F2-8F94-90C1E64A15CD}.Debug|Any CPU.Build.0 = Debug|Any CPU
		{1D06A521-B44C-42F2-8F94-90C1E64A15CD}.Release|Any CPU.ActiveCfg = Release|Any CPU
		{1D06A521-B44C-42F2-8F94-90C1E64A15CD}.Release|Any CPU.Build.0 = Release|Any CPU
	EndGlobalSection
	GlobalSection(SolutionProperties) = preSolution
		HideSolutionNode = FALSE
	EndGlobalSection
	GlobalSection(ExtensibilityGlobals) = postSolution
		SolutionGuid = {226F2C92-CD2F-4B0F-B454-9C4EEA403D2C}
	EndGlobalSection
EndGlobal
